
Microsoft Visual Studio Solution File, Format Version 12.00
# Visual Studio Version 17
VisualStudioVersion = 17.14.36401.2
MinimumVisualStudioVersion = 10.0.40219.1
Project("{FAE04EC0-301F-11D3-BF4B-00C04F79EFBC}") = "CircleApp", "CircleApp\CircleApp.csproj", "{38547BB1-3406-4826-AD0E-046C0BFDEAC9}"
EndProject
Project("{FAE04EC0-301F-11D3-BF4B-00C04F79EFBC}") = "CircleApp.Data", "CircleApp.Data\CircleApp.Data.csproj", "{369F1885-9F44-4F10-9B42-9A15D749BBFC}"
EndProject
Global
	GlobalSection(SolutionConfigurationPlatforms) = preSolution
		Debug|Any CPU = Debug|Any CPU
		Release|Any CPU = Release|Any CPU
	EndGlobalSection
	GlobalSection(ProjectConfigurationPlatforms) = postSolution
		{38547BB1-3406-4826-AD0E-046C0BFDEAC9}.Debug|Any CPU.ActiveCfg = Debug|Any CPU
		{38547BB1-3406-4826-AD0E-046C0BFDEAC9}.Debug|Any CPU.Build.0 = Debug|Any CPU
		{38547BB1-3406-4826-AD0E-046C0BFDEAC9}.Release|Any CPU.ActiveCfg = Release|Any CPU
		{38547BB1-3406-4826-AD0E-046C0BFDEAC9}.Release|Any CPU.Build.0 = Release|Any CPU
		{369F1885-9F44-4F10-9B42-9A15D749BBFC}.Debug|Any CPU.ActiveCfg = Debug|Any CPU
		{369F1885-9F44-4F10-9B42-9A15D749BBFC}.Debug|Any CPU.Build.0 = Debug|Any CPU
		{369F1885-9F44-4F10-9B42-9A15D749BBFC}.Release|Any CPU.ActiveCfg = Release|Any CPU
		{369F1885-9F44-4F10-9B42-9A15D749BBFC}.Release|Any CPU.Build.0 = Release|Any CPU
	EndGlobalSection
	GlobalSection(SolutionProperties) = preSolution
		HideSolutionNode = FALSE
	EndGlobalSection
	GlobalSection(ExtensibilityGlobals) = postSolution
		SolutionGuid = {4C519311-9678-4D88-A50C-C5B88794F758}
	EndGlobalSection
EndGlobal
